
Microsoft Visual Studio Solution File, Format Version 12.00
# Visual Studio Version 17
VisualStudioVersion = 17.4.33213.308
MinimumVisualStudioVersion = 10.0.40219.1
Project("{FAE04EC0-301F-11D3-BF4B-00C04F79EFBC}") = "WLTPresentationView", "WLTOrderSystem\WLTPresentationView.csproj", "{15809F82-61C8-49A4-BC48-5DD52477CB75}"
	ProjectSection(ProjectDependencies) = postProject
		{A971055F-33AE-49F3-988D-A4FDD0253FA7} = {A971055F-33AE-49F3-988D-A4FDD0253FA7}
		{BFA837B9-0918-429A-989C-C12A48E76DB1} = {BFA837B9-0918-429A-989C-C12A48E76DB1}
	EndProjectSection
EndProject
Project("{FAE04EC0-301F-11D3-BF4B-00C04F79EFBC}") = "WLTControlLogic", "WLTControlLogic\WLTControlLogic.csproj", "{BFA837B9-0918-429A-989C-C12A48E76DB1}"
	ProjectSection(ProjectDependencies) = postProject
		{881CD599-8018-4220-BD7A-65CE0183A92B} = {881CD599-8018-4220-BD7A-65CE0183A92B}
		{A971055F-33AE-49F3-988D-A4FDD0253FA7} = {A971055F-33AE-49F3-988D-A4FDD0253FA7}
	EndProjectSection
EndProject
Project("{FAE04EC0-301F-11D3-BF4B-00C04F79EFBC}") = "WLTDataObjects", "WLTDataObjects\WLTDataObjects.csproj", "{A971055F-33AE-49F3-988D-A4FDD0253FA7}"
EndProject
Project("{FAE04EC0-301F-11D3-BF4B-00C04F79EFBC}") = "WLTDataAccess", "WLTDataAccess\WLTDataAccess.csproj", "{881CD599-8018-4220-BD7A-65CE0183A92B}"
	ProjectSection(ProjectDependencies) = postProject
		{A971055F-33AE-49F3-988D-A4FDD0253FA7} = {A971055F-33AE-49F3-988D-A4FDD0253FA7}
	EndProjectSection
EndProject
Global
	GlobalSection(SolutionConfigurationPlatforms) = preSolution
		Debug|Any CPU = Debug|Any CPU
		Release|Any CPU = Release|Any CPU
	EndGlobalSection
	GlobalSection(ProjectConfigurationPlatforms) = postSolution
		{15809F82-61C8-49A4-BC48-5DD52477CB75}.Debug|Any CPU.ActiveCfg = Debug|Any CPU
		{15809F82-61C8-49A4-BC48-5DD52477CB75}.Debug|Any CPU.Build.0 = Debug|Any CPU
		{15809F82-61C8-49A4-BC48-5DD52477CB75}.Release|Any CPU.ActiveCfg = Release|Any CPU
		{15809F82-61C8-49A4-BC48-5DD52477CB75}.Release|Any CPU.Build.0 = Release|Any CPU
		{BFA837B9-0918-429A-989C-C12A48E76DB1}.Debug|Any CPU.ActiveCfg = Debug|Any CPU
		{BFA837B9-0918-429A-989C-C12A48E76DB1}.Debug|Any CPU.Build.0 = Debug|Any CPU
		{BFA837B9-0918-429A-989C-C12A48E76DB1}.Release|Any CPU.ActiveCfg = Release|Any CPU
		{BFA837B9-0918-429A-989C-C12A48E76DB1}.Release|Any CPU.Build.0 = Release|Any CPU
		{A971055F-33AE-49F3-988D-A4FDD0253FA7}.Debug|Any CPU.ActiveCfg = Debug|Any CPU
		{A971055F-33AE-49F3-988D-A4FDD0253FA7}.Debug|Any CPU.Build.0 = Debug|Any CPU
		{A971055F-33AE-49F3-988D-A4FDD0253FA7}.Release|Any CPU.ActiveCfg = Release|Any CPU
		{A971055F-33AE-49F3-988D-A4FDD0253FA7}.Release|Any CPU.Build.0 = Release|Any CPU
		{881CD599-8018-4220-BD7A-65CE0183A92B}.Debug|Any CPU.ActiveCfg = Debug|Any CPU
		{881CD599-8018-4220-BD7A-65CE0183A92B}.Debug|Any CPU.Build.0 = Debug|Any CPU
		{881CD599-8018-4220-BD7A-65CE0183A92B}.Release|Any CPU.ActiveCfg = Release|Any CPU
		{881CD599-8018-4220-BD7A-65CE0183A92B}.Release|Any CPU.Build.0 = Release|Any CPU
	EndGlobalSection
	GlobalSection(SolutionProperties) = preSolution
		HideSolutionNode = FALSE
	EndGlobalSection
	GlobalSection(ExtensibilityGlobals) = postSolution
		SolutionGuid = {81FBF2C8-CC2A-4AC4-A160-06735469C92D}
	EndGlobalSection
EndGlobal
